
Microsoft Visual Studio Solution File, Format Version 12.00
# Visual Studio 15
VisualStudioVersion = 15.0.27703.2018
MinimumVisualStudioVersion = 10.0.40219.1
Project("{FAE04EC0-301F-11D3-BF4B-00C04F79EFBC}") = "Moving Pictures", "Moving Pictures\Moving Pictures.csproj", "{A96DA5B2-DD50-4AA2-BA27-8E42F57CA684}"
EndProject
Global
	GlobalSection(SolutionConfigurationPlatforms) = preSolution
		Debug|Any CPU = Debug|Any CPU
		Release|Any CPU = Release|Any CPU
	EndGlobalSection
	GlobalSection(ProjectConfigurationPlatforms) = postSolution
		{A96DA5B2-DD50-4AA2-BA27-8E42F57CA684}.Debug|Any CPU.ActiveCfg = Debug|Any CPU
		{A96DA5B2-DD50-4AA2-BA27-8E42F57CA684}.Debug|Any CPU.Build.0 = Debug|Any CPU
		{A96DA5B2-DD50-4AA2-BA27-8E42F57CA684}.Release|Any CPU.ActiveCfg = Release|Any CPU
		{A96DA5B2-DD50-4AA2-BA27-8E42F57CA684}.Release|Any CPU.Build.0 = Release|Any CPU
	EndGlobalSection
	GlobalSection(SolutionProperties) = preSolution
		HideSolutionNode = FALSE
	EndGlobalSection
	GlobalSection(ExtensibilityGlobals) = postSolution
		SolutionGuid = {1A64E72B-AE45-4A26-B8CD-1816A08EDB41}
	EndGlobalSection
EndGlobal
